{
  "nodes": {
    "nixpkgs": {
      "locked": {
        "lastModified": 1735264675,
        "narHash": "sha256-MgdXpeX2GuJbtlBrH9EdsUeWl/yXEubyvxM1G+yO4Ak=",
        "owner": "nixos",
        "repo": "nixpkgs",
        "rev": "d49da4c08359e3c39c4e27c74ac7ac9b70085966",
        "type": "github"
      },
      "original": {
        "owner": "nixos",
        "ref": "nixos-24.11",
        "repo": "nixpkgs",
        "type": "github"
      }
    },
    "root": {
      "inputs": {
        "nixpkgs": "nixpkgs",
        "theme-terminimal": "theme-terminimal"
      }
    },
    "theme-terminimal": {
      "flake": false,
      "locked": {
        "lastModified": 1723909769,
        "narHash": "sha256-/9waid7Hpl7NfGXoUj4fVkM4mSJ/MJytoiIKCdxZuTI=",
        "owner": "pawroman",
        "repo": "zola-theme-terminimal",
        "rev": "7f630a4e319c089f27b6704e622b38d874406381",
        "type": "github"
      },
      "original": {
        "owner": "pawroman",
        "repo": "zola-theme-terminimal",
        "type": "github"
      }
    }
  },
  "root": "root",
  "version": 7
}
